{
  "name": "discord-tools-server",
  "lockfileVersion": 3,
  "requires": true,
  "packages": {
    "": {
      "name": "discord-tools-server",
      "dependencies": {
        "@hono/node-server": "1.13.7",
        "dotenv": "16.4.7",
        "hono": "4.6.13",
        "rate-limiter-flexible": "^3.0.0"
      }
    },
    "node_modules/@hono/node-server": {
      "version": "1.13.7",
      "resolved": "https://registry.npmjs.org/@hono/node-server/-/node-server-1.13.7.tgz",
      "integrity": "sha512-kTfUMsoloVKtRA2fLiGSd9qBddmru9KadNyhJCwgKBxTiNkaAJEwkVN9KV/rS4HtmmNRtUh6P+YpmjRMl0d9vQ==",
      "license": "MIT",
      "engines": {
        "node": ">=18.14.1"
      },
      "peerDependencies": {
        "hono": "^4"
      }
    },
    "node_modules/dotenv": {
      "version": "16.4.7",
      "resolved": "https://registry.npmjs.org/dotenv/-/dotenv-16.4.7.tgz",
      "integrity": "sha512-47qPchRCykZC03FhkYAhrvwU4xDBFIj1QPqaarj6mdM/hgUzfPHcpkHJOn3mJAufFeeAxAzeGsr5X0M4k6fLZQ==",
      "license": "BSD-2-Clause",
      "engines": {
        "node": ">=12"
      },
      "funding": {
        "url": "https://dotenvx.com"
      }
    },
    "node_modules/hono": {
      "version": "4.6.13",
      "resolved": "https://registry.npmjs.org/hono/-/hono-4.6.13.tgz",
      "integrity": "sha512-haV0gaMdSjy9URCRN9hxBPlqHa7fMm/T72kAImIxvw4eQLbNz1rgjN4hHElLJSieDiNuiIAXC//cC6YGz2KCbg==",
      "license": "MIT",
      "engines": {
        "node": ">=16.9.0"
      }
    },
    "node_modules/rate-limiter-flexible": {
      "version": "3.0.6",
      "resolved": "https://registry.npmjs.org/rate-limiter-flexible/-/rate-limiter-flexible-3.0.6.tgz",
      "integrity": "sha512-tlvbee6lyse/XTWmsuBDS4MT8N65FyM151bPmQlFyfhv9+RIHs7d3rSTXoz0j35H910dM01mH0yTIeWYo8+aAw==",
      "license": "ISC"
    }
  }
}
